// !$*UTF8*$!
{
	archiveVersion = 1;
	classes = {
	};
	objectVersion = 51;
	objects = {

/* Begin PBXBuildFile section */
		A6253F472359BE0A00F17FA1 /* AppDelegate.swift in Sources */ = {isa = PBXBuildFile; fileRef = A6253F462359BE0A00F17FA1 /* AppDelegate.swift */; };
		A6253F492359BE0A00F17FA1 /* SceneDelegate.swift in Sources */ = {isa = PBXBuildFile; fileRef = A6253F482359BE0A00F17FA1 /* SceneDelegate.swift */; };
		A6253F4B2359BE0A00F17FA1 /* ViewController.swift in Sources */ = {isa = PBXBuildFile; fileRef = A6253F4A2359BE0A00F17FA1 /* ViewController.swift */; };
		A6253F4E2359BE0A00F17FA1 /* Main.storyboard in Resources */ = {isa = PBXBuildFile; fileRef = A6253F4C2359BE0A00F17FA1 /* Main.storyboard */; };
		A6253F512359BE0A00F17FA1 /* newsApp.xcdatamodeld in Sources */ = {isa = PBXBuildFile; fileRef = A6253F4F2359BE0A00F17FA1 /* newsApp.xcdatamodeld */; };
		A6253F532359BE0D00F17FA1 /* Assets.xcassets in Resources */ = {isa = PBXBuildFile; fileRef = A6253F522359BE0D00F17FA1 /* Assets.xcassets */; };
		A6253F562359BE0D00F17FA1 /* LaunchScreen.storyboard in Resources */ = {isa = PBXBuildFile; fileRef = A6253F542359BE0D00F17FA1 /* LaunchScreen.storyboard */; };
		A6253F5E2359C6AF00F17FA1 /* RequestManager.swift in Sources */ = {isa = PBXBuildFile; fileRef = A6253F5D2359C6AF00F17FA1 /* RequestManager.swift */; };
		A6513FFD235B3D40000A1318 /* ArticleController.swift in Sources */ = {isa = PBXBuildFile; fileRef = A6513FFC235B3D40000A1318 /* ArticleController.swift */; };
		A6612C8E235A17AF00A86EDE /* NewsCell.swift in Sources */ = {isa = PBXBuildFile; fileRef = A6612C8D235A17AF00A86EDE /* NewsCell.swift */; };
		A6612C90235A350500A86EDE /* Model.swift in Sources */ = {isa = PBXBuildFile; fileRef = A6612C8F235A350500A86EDE /* Model.swift */; };
		FB1536ECD8D06EDB1E8C8BDF /* Pods_newsApp.framework in Frameworks */ = {isa = PBXBuildFile; fileRef = 903468FC7EED01919BE8C252 /* Pods_newsApp.framework */; };
/* End PBXBuildFile section */

/* Begin PBXFileReference section */
		1BFD7DF434963F882AFE5D2C /* Pods-newsApp.debug.xcconfig */ = {isa = PBXFileReference; includeInIndex = 1; lastKnownFileType = text.xcconfig; name = "Pods-newsApp.debug.xcconfig"; path = "Target Support Files/Pods-newsApp/Pods-newsApp.debug.xcconfig"; sourceTree = "<group>"; };
		903468FC7EED01919BE8C252 /* Pods_newsApp.framework */ = {isa = PBXFileReference; explicitFileType = wrapper.framework; includeInIndex = 0; path = Pods_newsApp.framework; sourceTree = BUILT_PRODUCTS_DIR; };
		A6253F432359BE0A00F17FA1 /* newsApp.app */ = {isa = PBXFileReference; explicitFileType = wrapper.application; includeInIndex = 0; path = newsApp.app; sourceTree = BUILT_PRODUCTS_DIR; };
		A6253F462359BE0A00F17FA1 /* AppDelegate.swift */ = {isa = PBXFileReference; lastKnownFileType = sourcecode.swift; path = AppDelegate.swift; sourceTree = "<group>"; };
		A6253F482359BE0A00F17FA1 /* SceneDelegate.swift */ = {isa = PBXFileReference; lastKnownFileType = sourcecode.swift; path = SceneDelegate.swift; sourceTree = "<group>"; };
		A6253F4A2359BE0A00F17FA1 /* ViewController.swift */ = {isa = PBXFileReference; lastKnownFileType = sourcecode.swift; path = ViewController.swift; sourceTree = "<group>"; };
		A6253F4D2359BE0A00F17FA1 /* Base */ = {isa = PBXFileReference; lastKnownFileType = file.storyboard; name = Base; path = Base.lproj/Main.storyboard; sourceTree = "<group>"; };
		A6253F502359BE0A00F17FA1 /* newsApp.xcdatamodel */ = {isa = PBXFileReference; lastKnownFileType = wrapper.xcdatamodel; path = newsApp.xcdatamodel; sourceTree = "<group>"; };
		A6253F522359BE0D00F17FA1 /* Assets.xcassets */ = {isa = PBXFileReference; lastKnownFileType = folder.assetcatalog; path = Assets.xcassets; sourceTree = "<group>"; };
		A6253F552359BE0D00F17FA1 /* Base */ = {isa = PBXFileReference; lastKnownFileType = file.storyboard; name = Base; path = Base.lproj/LaunchScreen.storyboard; sourceTree = "<group>"; };
		A6253F572359BE0D00F17FA1 /* Info.plist */ = {isa = PBXFileReference; lastKnownFileType = text.plist.xml; path = Info.plist; sourceTree = "<group>"; };
		A6253F5D2359C6AF00F17FA1 /* RequestManager.swift */ = {isa = PBXFileReference; lastKnownFileType = sourcecode.swift; path = RequestManager.swift; sourceTree = "<group>"; };
		A6513FFC235B3D40000A1318 /* ArticleController.swift */ = {isa = PBXFileReference; lastKnownFileType = sourcecode.swift; path = ArticleController.swift; sourceTree = "<group>"; };
		A6612C8D235A17AF00A86EDE /* NewsCell.swift */ = {isa = PBXFileReference; lastKnownFileType = sourcecode.swift; path = NewsCell.swift; sourceTree = "<group>"; };
		A6612C8F235A350500A86EDE /* Model.swift */ = {isa = PBXFileReference; lastKnownFileType = sourcecode.swift; path = Model.swift; sourceTree = "<group>"; };
		BD806FFA325799C6ED8F578E /* Pods-newsApp.release.xcconfig */ = {isa = PBXFileReference; includeInIndex = 1; lastKnownFileType = text.xcconfig; name = "Pods-newsApp.release.xcconfig"; path = "Target Support Files/Pods-newsApp/Pods-newsApp.release.xcconfig"; sourceTree = "<group>"; };
/* End PBXFileReference section */

/* Begin PBXFrameworksBuildPhase section */
		A6253F402359BE0A00F17FA1 /* Frameworks */ = {
			isa = PBXFrameworksBuildPhase;
			buildActionMask = 2147483647;
			files = (
				FB1536ECD8D06EDB1E8C8BDF /* Pods_newsApp.framework in Frameworks */,
			);
			runOnlyForDeploymentPostprocessing = 0;
		};
/* End PBXFrameworksBuildPhase section */

/* Begin PBXGroup section */
		A6253F3A2359BE0A00F17FA1 = {
			isa = PBXGroup;
			children = (
				A6253F452359BE0A00F17FA1 /* newsApp */,
				A6253F442359BE0A00F17FA1 /* Products */,
				D9B565A5351778FCFEEAE313 /* Pods */,
				C76EAFB208D0E70B4BD949BF /* Frameworks */,
			);
			sourceTree = "<group>";
		};
		A6253F442359BE0A00F17FA1 /* Products */ = {
			isa = PBXGroup;
			children = (
				A6253F432359BE0A00F17FA1 /* newsApp.app */,
			);
			name = Products;
			sourceTree = "<group>";
		};
		A6253F452359BE0A00F17FA1 /* newsApp */ = {
			isa = PBXGroup;
			children = (
				A6253F462359BE0A00F17FA1 /* AppDelegate.swift */,
				A6253F482359BE0A00F17FA1 /* SceneDelegate.swift */,
				A6253F4A2359BE0A00F17FA1 /* ViewController.swift */,
				A6513FFC235B3D40000A1318 /* ArticleController.swift */,
				A6612C8D235A17AF00A86EDE /* NewsCell.swift */,
				A6612C8F235A350500A86EDE /* Model.swift */,
				A6253F5D2359C6AF00F17FA1 /* RequestManager.swift */,
				A6253F4C2359BE0A00F17FA1 /* Main.storyboard */,
				A6253F522359BE0D00F17FA1 /* Assets.xcassets */,
				A6253F542359BE0D00F17FA1 /* LaunchScreen.storyboard */,
				A6253F572359BE0D00F17FA1 /* Info.plist */,
				A6253F4F2359BE0A00F17FA1 /* newsApp.xcdatamodeld */,
			);
			path = newsApp;
			sourceTree = "<group>";
		};
		C76EAFB208D0E70B4BD949BF /* Frameworks */ = {
			isa = PBXGroup;
			children = (
				903468FC7EED01919BE8C252 /* Pods_newsApp.framework */,
			);
			name = Frameworks;
			sourceTree = "<group>";
		};
		D9B565A5351778FCFEEAE313 /* Pods */ = {
			isa = PBXGroup;
			children = (
				1BFD7DF434963F882AFE5D2C /* Pods-newsApp.debug.xcconfig */,
				BD806FFA325799C6ED8F578E /* Pods-newsApp.release.xcconfig */,
			);
			path = Pods;
			sourceTree = "<group>";
		};
/* End PBXGroup section */

/* Begin PBXNativeTarget section */
		A6253F422359BE0A00F17FA1 /* newsApp */ = {
			isa = PBXNativeTarget;
			buildConfigurationList = A6253F5A2359BE0D00F17FA1 /* Build configuration list for PBXNativeTarget "newsApp" */;
			buildPhases = (
				0C3169D5E6F944AEEC212421 /* [CP] Check Pods Manifest.lock */,
				A6253F3F2359BE0A00F17FA1 /* Sources */,
				A6253F402359BE0A00F17FA1 /* Frameworks */,
				A6253F412359BE0A00F17FA1 /* Resources */,
				611196FC67D3504225B0CA1D /* [CP] Embed Pods Frameworks */,
			);
			buildRules = (
			);
			dependencies = (
			);
			name = newsApp;
			productName = newsApp;
			productReference = A6253F432359BE0A00F17FA1 /* newsApp.app */;
			productType = "com.apple.product-type.application";
		};
/* End PBXNativeTarget section */

/* Begin PBXProject section */
		A6253F3B2359BE0A00F17FA1 /* Project object */ = {
			isa = PBXProject;
			attributes = {
				LastSwiftUpdateCheck = 1100;
				LastUpgradeCheck = 1100;
				ORGANIZATIONNAME = "Aleksandr Maltsev";
				TargetAttributes = {
					A6253F422359BE0A00F17FA1 = {
						CreatedOnToolsVersion = 11.0;
					};
				};
			};
			buildConfigurationList = A6253F3E2359BE0A00F17FA1 /* Build configuration list for PBXProject "newsApp" */;
			compatibilityVersion = "Xcode 9.3";
			developmentRegion = en;
			hasScannedForEncodings = 0;
			knownRegions = (
				en,
				Base,
			);
			mainGroup = A6253F3A2359BE0A00F17FA1;
			productRefGroup = A6253F442359BE0A00F17FA1 /* Products */;
			projectDirPath = "";
			projectRoot = "";
			targets = (
				A6253F422359BE0A00F17FA1 /* newsApp */,
			);
		};
/* End PBXProject section */

/* Begin PBXResourcesBuildPhase section */
		A6253F412359BE0A00F17FA1 /* Resources */ = {
			isa = PBXResourcesBuildPhase;
			buildActionMask = 2147483647;
			files = (
				A6253F562359BE0D00F17FA1 /* LaunchScreen.storyboard in Resources */,
				A6253F532359BE0D00F17FA1 /* Assets.xcassets in Resources */,
				A6253F4E2359BE0A00F17FA1 /* Main.storyboard in Resources */,
			);
			runOnlyForDeploymentPostprocessing = 0;
		};
/* End PBXResourcesBuildPhase section */

/* Begin PBXShellScriptBuildPhase section */
		0C3169D5E6F944AEEC212421 /* [CP] Check Pods Manifest.lock */ = {
			isa = PBXShellScriptBuildPhase;
			buildActionMask = 2147483647;
			files = (
			);
			inputFileListPaths = (
			);
			inputPaths = (
				"${PODS_PODFILE_DIR_PATH}/Podfile.lock",
				"${PODS_ROOT}/Manifest.lock",
			);
			name = "[CP] Check Pods Manifest.lock";
			outputFileListPaths = (
			);
			outputPaths = (
				"$(DERIVED_FILE_DIR)/Pods-newsApp-checkManifestLockResult.txt",
			);
			runOnlyForDeploymentPostprocessing = 0;
			shellPath = /bin/sh;
			shellScript = "diff \"${PODS_PODFILE_DIR_PATH}/Podfile.lock\" \"${PODS_ROOT}/Manifest.lock\" > /dev/null\nif [ $? != 0 ] ; then\n    # print error to STDERR\n    echo \"error: The sandbox is not in sync with the Podfile.lock. Run 'pod install' or update your CocoaPods installation.\" >&2\n    exit 1\nfi\n# This output is used by Xcode 'outputs' to avoid re-running this script phase.\necho \"SUCCESS\" > \"${SCRIPT_OUTPUT_FILE_0}\"\n";
			showEnvVarsInLog = 0;
		};
		611196FC67D3504225B0CA1D /* [CP] Embed Pods Frameworks */ = {
			isa = PBXShellScriptBuildPhase;
			buildActionMask = 2147483647;
			files = (
			);
			inputFileListPaths = (
				"${PODS_ROOT}/Target Support Files/Pods-newsApp/Pods-newsApp-frameworks-${CONFIGURATION}-input-files.xcfilelist",
			);
			name = "[CP] Embed Pods Frameworks";
			outputFileListPaths = (
				"${PODS_ROOT}/Target Support Files/Pods-newsApp/Pods-newsApp-frameworks-${CONFIGURATION}-output-files.xcfilelist",
			);
			runOnlyForDeploymentPostprocessing = 0;
			shellPath = /bin/sh;
			shellScript = "\"${PODS_ROOT}/Target Support Files/Pods-newsApp/Pods-newsApp-frameworks.sh\"\n";
			showEnvVarsInLog = 0;
		};
/* End PBXShellScriptBuildPhase section */

/* Begin PBXSourcesBuildPhase section */
		A6253F3F2359BE0A00F17FA1 /* Sources */ = {
			isa = PBXSourcesBuildPhase;
			buildActionMask = 2147483647;
			files = (
				A6612C90235A350500A86EDE /* Model.swift in Sources */,
				A6253F5E2359C6AF00F17FA1 /* RequestManager.swift in Sources */,
				A6513FFD235B3D40000A1318 /* ArticleController.swift in Sources */,
				A6253F4B2359BE0A00F17FA1 /* ViewController.swift in Sources */,
				A6253F472359BE0A00F17FA1 /* AppDelegate.swift in Sources */,
				A6253F512359BE0A00F17FA1 /* newsApp.xcdatamodeld in Sources */,
				A6612C8E235A17AF00A86EDE /* NewsCell.swift in Sources */,
				A6253F492359BE0A00F17FA1 /* SceneDelegate.swift in Sources */,
			);
			runOnlyForDeploymentPostprocessing = 0;
		};
/* End PBXSourcesBuildPhase section */

/* Begin PBXVariantGroup section */
		A6253F4C2359BE0A00F17FA1 /* Main.storyboard */ = {
			isa = PBXVariantGroup;
			children = (
				A6253F4D2359BE0A00F17FA1 /* Base */,
			);
			name = Main.storyboard;
			sourceTree = "<group>";
		};
		A6253F542359BE0D00F17FA1 /* LaunchScreen.storyboard */ = {
			isa = PBXVariantGroup;
			children = (
				A6253F552359BE0D00F17FA1 /* Base */,
			);
			name = LaunchScreen.storyboard;
			sourceTree = "<group>";
		};
/* End PBXVariantGroup section */

/* Begin XCBuildConfiguration section */
		A6253F582359BE0D00F17FA1 /* Debug */ = {
			isa = XCBuildConfiguration;
			buildSettings = {
				ALWAYS_SEARCH_USER_PATHS = NO;
				CLANG_ANALYZER_NONNULL = YES;
				CLANG_ANALYZER_NUMBER_OBJECT_CONVERSION = YES_AGGRESSIVE;
				CLANG_CXX_LANGUAGE_STANDARD = "gnu++14";
				CLANG_CXX_LIBRARY = "libc++";
				CLANG_ENABLE_MODULES = YES;
				CLANG_ENABLE_OBJC_ARC = YES;
				CLANG_ENABLE_OBJC_WEAK = YES;
				CLANG_WARN_BLOCK_CAPTURE_AUTORELEASING = YES;
				CLANG_WARN_BOOL_CONVERSION = YES;
				CLANG_WARN_COMMA = YES;
				CLANG_WARN_CONSTANT_CONVERSION = YES;
				CLANG_WARN_DEPRECATED_OBJC_IMPLEMENTATIONS = YES;
				CLANG_WARN_DIRECT_OBJC_ISA_USAGE = YES_ERROR;
				CLANG_WARN_DOCUMENTATION_COMMENTS = YES;
				CLANG_WARN_EMPTY_BODY = YES;
				CLANG_WARN_ENUM_CONVERSION = YES;
				CLANG_WARN_INFINITE_RECURSION = YES;
				CLANG_WARN_INT_CONVERSION = YES;
				CLANG_WARN_NON_LITERAL_NULL_CONVERSION = YES;
				CLANG_WARN_OBJC_IMPLICIT_RETAIN_SELF = YES;
				CLANG_WARN_OBJC_LITERAL_CONVERSION = YES;
				CLANG_WARN_OBJC_ROOT_CLASS = YES_ERROR;
				CLANG_WARN_RANGE_LOOP_ANALYSIS = YES;
				CLANG_WARN_STRICT_PROTOTYPES = YES;
				CLANG_WARN_SUSPICIOUS_MOVE = YES;
				CLANG_WARN_UNGUARDED_AVAILABILITY = YES_AGGRESSIVE;
				CLANG_WARN_UNREACHABLE_CODE = YES;
				CLANG_WARN__DUPLICATE_METHOD_MATCH = YES;
				COPY_PHASE_STRIP = NO;
				DEBUG_INFORMATION_FORMAT = dwarf;
				ENABLE_STRICT_OBJC_MSGSEND = YES;
				ENABLE_TESTABILITY = YES;
				GCC_C_LANGUAGE_STANDARD = gnu11;
				GCC_DYNAMIC_NO_PIC = NO;
				GCC_NO_COMMON_BLOCKS = YES;
				GCC_OPTIMIZATION_LEVEL = 0;
				GCC_PREPROCESSOR_DEFINITIONS = (
					"DEBUG=1",
					"$(inherited)",
				);
				GCC_WARN_64_TO_32_BIT_CONVERSION = YES;
				GCC_WARN_ABOUT_RETURN_TYPE = YES_ERROR;
				GCC_WARN_UNDECLARED_SELECTOR = YES;
				GCC_WARN_UNINITIALIZED_AUTOS = YES_AGGRESSIVE;
				GCC_WARN_UNUSED_FUNCTION = YES;
				GCC_WARN_UNUSED_VARIABLE = YES;
				IPHONEOS_DEPLOYMENT_TARGET = 13.0;
				MTL_ENABLE_DEBUG_INFO = INCLUDE_SOURCE;
				MTL_FAST_MATH = YES;
				ONLY_ACTIVE_ARCH = YES;
				SDKROOT = iphoneos;
				SWIFT_ACTIVE_COMPILATION_CONDITIONS = DEBUG;
				SWIFT_OPTIMIZATION_LEVEL = "-Onone";
			};
			name = Debug;
		};
		A6253F592359BE0D00F17FA1 /* Release */ = {
			isa = XCBuildConfiguration;
			buildSettings = {
				ALWAYS_SEARCH_USER_PATHS = NO;
				CLANG_ANALYZER_NONNULL = YES;
				CLANG_ANALYZER_NUMBER_OBJECT_CONVERSION = YES_AGGRESSIVE;
				CLANG_CXX_LANGUAGE_STANDARD = "gnu++14";
				CLANG_CXX_LIBRARY = "libc++";
				CLANG_ENABLE_MODULES = YES;
				CLANG_ENABLE_OBJC_ARC = YES;
				CLANG_ENABLE_OBJC_WEAK = YES;
				CLANG_WARN_BLOCK_CAPTURE_AUTORELEASING = YES;
				CLANG_WARN_BOOL_CONVERSION = YES;
				CLANG_WARN_COMMA = YES;
				CLANG_WARN_CONSTANT_CONVERSION = YES;
				CLANG_WARN_DEPRECATED_OBJC_IMPLEMENTATIONS = YES;
				CLANG_WARN_DIRECT_OBJC_ISA_USAGE = YES_ERROR;
				CLANG_WARN_DOCUMENTATION_COMMENTS = YES;
				CLANG_WARN_EMPTY_BODY = YES;
				CLANG_WARN_ENUM_CONVERSION = YES;
				CLANG_WARN_INFINITE_RECURSION = YES;
				CLANG_WARN_INT_CONVERSION = YES;
				CLANG_WARN_NON_LITERAL_NULL_CONVERSION = YES;
				CLANG_WARN_OBJC_IMPLICIT_RETAIN_SELF = YES;
				CLANG_WARN_OBJC_LITERAL_CONVERSION = YES;
				CLANG_WARN_OBJC_ROOT_CLASS = YES_ERROR;
				CLANG_WARN_RANGE_LOOP_ANALYSIS = YES;
				CLANG_WARN_STRICT_PROTOTYPES = YES;
				CLANG_WARN_SUSPICIOUS_MOVE = YES;
				CLANG_WARN_UNGUARDED_AVAILABILITY = YES_AGGRESSIVE;
				CLANG_WARN_UNREACHABLE_CODE = YES;
				CLANG_WARN__DUPLICATE_METHOD_MATCH = YES;
				COPY_PHASE_STRIP = NO;
				DEBUG_INFORMATION_FORMAT = "dwarf-with-dsym";
				ENABLE_NS_ASSERTIONS = NO;
				ENABLE_STRICT_OBJC_MSGSEND = YES;
				GCC_C_LANGUAGE_STANDARD = gnu11;
				GCC_NO_COMMON_BLOCKS = YES;
				GCC_WARN_64_TO_32_BIT_CONVERSION = YES;
				GCC_WARN_ABOUT_RETURN_TYPE = YES_ERROR;
				GCC_WARN_UNDECLARED_SELECTOR = YES;
				GCC_WARN_UNINITIALIZED_AUTOS = YES_AGGRESSIVE;
				GCC_WARN_UNUSED_FUNCTION = YES;
				GCC_WARN_UNUSED_VARIABLE = YES;
				IPHONEOS_DEPLOYMENT_TARGET = 13.0;
				MTL_ENABLE_DEBUG_INFO = NO;
				MTL_FAST_MATH = YES;
				SDKROOT = iphoneos;
				SWIFT_COMPILATION_MODE = wholemodule;
				SWIFT_OPTIMIZATION_LEVEL = "-O";
				VALIDATE_PRODUCT = YES;
			};
			name = Release;
		};
		A6253F5B2359BE0D00F17FA1 /* Debug */ = {
			isa = XCBuildConfiguration;
			baseConfigurationReference = 1BFD7DF434963F882AFE5D2C /* Pods-newsApp.debug.xcconfig */;
			buildSettings = {
				ASSETCATALOG_COMPILER_APPICON_NAME = AppIcon;
				CODE_SIGN_STYLE = Automatic;
				INFOPLIST_FILE = newsApp/Info.plist;
				LD_RUNPATH_SEARCH_PATHS = (
					"$(inherited)",
					"@executable_path/Frameworks",
				);
				PRODUCT_BUNDLE_IDENTIFIER = com.product.newsApp;
				PRODUCT_NAME = "$(TARGET_NAME)";
				SWIFT_VERSION = 5.0;
				TARGETED_DEVICE_FAMILY = "1,2";
			};
			name = Debug;
		};
		A6253F5C2359BE0D00F17FA1 /* Release */ = {
			isa = XCBuildConfiguration;
			baseConfigurationReference = BD806FFA325799C6ED8F578E /* Pods-newsApp.release.xcconfig */;
			buildSettings = {
				ASSETCATALOG_COMPILER_APPICON_NAME = AppIcon;
				CODE_SIGN_STYLE = Automatic;
				INFOPLIST_FILE = newsApp/Info.plist;
				LD_RUNPATH_SEARCH_PATHS = (
					"$(inherited)",
					"@executable_path/Frameworks",
				);
				PRODUCT_BUNDLE_IDENTIFIER = com.product.newsApp;
				PRODUCT_NAME = "$(TARGET_NAME)";
				SWIFT_VERSION = 5.0;
				TARGETED_DEVICE_FAMILY = "1,2";
			};
			name = Release;
		};
/* End XCBuildConfiguration section */

/* Begin XCConfigurationList section */
		A6253F3E2359BE0A00F17FA1 /* Build configuration list for PBXProject "newsApp" */ = {
			isa = XCConfigurationList;
			buildConfigurations = (
				A6253F582359BE0D00F17FA1 /* Debug */,
				A6253F592359BE0D00F17FA1 /* Release */,
			);
			defaultConfigurationIsVisible = 0;
			defaultConfigurationName = Release;
		};
		A6253F5A2359BE0D00F17FA1 /* Build configuration list for PBXNativeTarget "newsApp" */ = {
			isa = XCConfigurationList;
			buildConfigurations = (
				A6253F5B2359BE0D00F17FA1 /* Debug */,
				A6253F5C2359BE0D00F17FA1 /* Release */,
			);
			defaultConfigurationIsVisible = 0;
			defaultConfigurationName = Release;
		};
/* End XCConfigurationList section */

/* Begin XCVersionGroup section */
		A6253F4F2359BE0A00F17FA1 /* newsApp.xcdatamodeld */ = {
			isa = XCVersionGroup;
			children = (
				A6253F502359BE0A00F17FA1 /* newsApp.xcdatamodel */,
			);
			currentVersion = A6253F502359BE0A00F17FA1 /* newsApp.xcdatamodel */;
			path = newsApp.xcdatamodeld;
			sourceTree = "<group>";
			versionGroupType = wrapper.xcdatamodel;
		};
/* End XCVersionGroup section */
	};
	rootObject = A6253F3B2359BE0A00F17FA1 /* Project object */;
}
